// !$*UTF8*$!
{
	archiveVersion = 1;
	classes = {
	};
	objectVersion = 56;
	objects = {

/* Begin PBXBuildFile section */
		A7973DA4E72B6BE8A7E12686 /* Pods_ArenaPokerStriker.framework in Frameworks */ = {isa = PBXBuildFile; fileRef = 4D6D353F6D2FD6A73F4612CB /* Pods_ArenaPokerStriker.framework */; };
		FF478BFD2CAD3B8A000EA718 /* AppDelegate.swift in Sources */ = {isa = PBXBuildFile; fileRef = FF478BF32CAD3B8A000EA718 /* AppDelegate.swift */; };
		FF478BFE2CAD3B8A000EA718 /* SceneDelegate.swift in Sources */ = {isa = PBXBuildFile; fileRef = FF478BFA2CAD3B8A000EA718 /* SceneDelegate.swift */; };
		FF478BFF2CAD3B8A000EA718 /* ArenaStartViewController.swift in Sources */ = {isa = PBXBuildFile; fileRef = FF478BFB2CAD3B8A000EA718 /* ArenaStartViewController.swift */; };
		FF478C002CAD3B8A000EA718 /* Assets.xcassets in Resources */ = {isa = PBXBuildFile; fileRef = FF478BF42CAD3B8A000EA718 /* Assets.xcassets */; };
		FF478C022CAD3B8A000EA718 /* LaunchScreen.storyboard in Resources */ = {isa = PBXBuildFile; fileRef = FF478BF72CAD3B8A000EA718 /* LaunchScreen.storyboard */; };
		FF478C032CAD3B8A000EA718 /* Main.storyboard in Resources */ = {isa = PBXBuildFile; fileRef = FF478BF92CAD3B8A000EA718 /* Main.storyboard */; };
		FF478C052CAD42D7000EA718 /* ArenaNavigationController.swift in Sources */ = {isa = PBXBuildFile; fileRef = FF478C042CAD42D7000EA718 /* ArenaNavigationController.swift */; };
		FF478C072CAD4362000EA718 /* ArenaHadesTailsViewController.swift in Sources */ = {isa = PBXBuildFile; fileRef = FF478C062CAD4362000EA718 /* ArenaHadesTailsViewController.swift */; };
		FF478C092CAD4379000EA718 /* ArenaCardPlayViewController.swift in Sources */ = {isa = PBXBuildFile; fileRef = FF478C082CAD4379000EA718 /* ArenaCardPlayViewController.swift */; };
		FF478C0B2CAD439B000EA718 /* APSData.swift in Sources */ = {isa = PBXBuildFile; fileRef = FF478C0A2CAD439B000EA718 /* APSData.swift */; };
		FF478C0D2CAD43B8000EA718 /* UIView+Ext.swift in Sources */ = {isa = PBXBuildFile; fileRef = FF478C0C2CAD43B8000EA718 /* UIView+Ext.swift */; };
		FF478C0F2CAD43E3000EA718 /* UIStackView+Ext.swift in Sources */ = {isa = PBXBuildFile; fileRef = FF478C0E2CAD43E3000EA718 /* UIStackView+Ext.swift */; };
		FF478C112CAD43FD000EA718 /* ArenaAboutViewController.swift in Sources */ = {isa = PBXBuildFile; fileRef = FF478C102CAD43FD000EA718 /* ArenaAboutViewController.swift */; };
		FF478C132CAD4416000EA718 /* ArenaReportViewController.swift in Sources */ = {isa = PBXBuildFile; fileRef = FF478C122CAD4416000EA718 /* ArenaReportViewController.swift */; };
		FF478C152CAD4427000EA718 /* ArenaFeedbackViewController.swift in Sources */ = {isa = PBXBuildFile; fileRef = FF478C142CAD4427000EA718 /* ArenaFeedbackViewController.swift */; };
		FF478C172CAD444D000EA718 /* ArenaSettingViewController.swift in Sources */ = {isa = PBXBuildFile; fileRef = FF478C162CAD4443000EA718 /* ArenaSettingViewController.swift */; };
		FF478C192CAD4A66000EA718 /* ArenaBaseViewController.swift in Sources */ = {isa = PBXBuildFile; fileRef = FF478C182CAD4A66000EA718 /* ArenaBaseViewController.swift */; };
		FF478C1F2CAD4BB5000EA718 /* ArenaPrivacyViewController.swift in Sources */ = {isa = PBXBuildFile; fileRef = FF478C1E2CAD4BB5000EA718 /* ArenaPrivacyViewController.swift */; };
		FF478C212CAD4CDD000EA718 /* ArenaHomeViewController.swift in Sources */ = {isa = PBXBuildFile; fileRef = FF478C202CAD4CDD000EA718 /* ArenaHomeViewController.swift */; };
		FF478C232CAD4D48000EA718 /* AdServices.framework in Frameworks */ = {isa = PBXBuildFile; fileRef = FF478C222CAD4D48000EA718 /* AdServices.framework */; settings = {ATTRIBUTES = (Weak, ); }; };
		FF478C252CAD4D4F000EA718 /* AdSupport.framework in Frameworks */ = {isa = PBXBuildFile; fileRef = FF478C242CAD4D4F000EA718 /* AdSupport.framework */; settings = {ATTRIBUTES = (Weak, ); }; };
		FF478C272CAD4D57000EA718 /* AppTrackingTransparency.framework in Frameworks */ = {isa = PBXBuildFile; fileRef = FF478C262CAD4D57000EA718 /* AppTrackingTransparency.framework */; settings = {ATTRIBUTES = (Weak, ); }; };
		FF478C2A2CAD4E54000EA718 /* ArenaReachManage.m in Sources */ = {isa = PBXBuildFile; fileRef = FF478C292CAD4E54000EA718 /* ArenaReachManage.m */; };
		FF478C2D2CAD4EFC000EA718 /* UIViewController+Ext.m in Sources */ = {isa = PBXBuildFile; fileRef = FF478C2C2CAD4EFC000EA718 /* UIViewController+Ext.m */; };
/* End PBXBuildFile section */

/* Begin PBXFileReference section */
		4D6D353F6D2FD6A73F4612CB /* Pods_ArenaPokerStriker.framework */ = {isa = PBXFileReference; explicitFileType = wrapper.framework; includeInIndex = 0; path = Pods_ArenaPokerStriker.framework; sourceTree = BUILT_PRODUCTS_DIR; };
		B230B3A3FCFAC573D1467F05 /* Pods-ArenaPokerStriker.debug.xcconfig */ = {isa = PBXFileReference; includeInIndex = 1; lastKnownFileType = text.xcconfig; name = "Pods-ArenaPokerStriker.debug.xcconfig"; path = "Target Support Files/Pods-ArenaPokerStriker/Pods-ArenaPokerStriker.debug.xcconfig"; sourceTree = "<group>"; };
		BD932775F417F9E822AF1FAB /* Pods-ArenaPokerStriker.release.xcconfig */ = {isa = PBXFileReference; includeInIndex = 1; lastKnownFileType = text.xcconfig; name = "Pods-ArenaPokerStriker.release.xcconfig"; path = "Target Support Files/Pods-ArenaPokerStriker/Pods-ArenaPokerStriker.release.xcconfig"; sourceTree = "<group>"; };
		FF478BDB2CAD3B84000EA718 /* ArenaPokerStriker.app */ = {isa = PBXFileReference; explicitFileType = wrapper.application; includeInIndex = 0; path = ArenaPokerStriker.app; sourceTree = BUILT_PRODUCTS_DIR; };
		FF478BF32CAD3B8A000EA718 /* AppDelegate.swift */ = {isa = PBXFileReference; lastKnownFileType = sourcecode.swift; path = AppDelegate.swift; sourceTree = "<group>"; };
		FF478BF42CAD3B8A000EA718 /* Assets.xcassets */ = {isa = PBXFileReference; lastKnownFileType = folder.assetcatalog; path = Assets.xcassets; sourceTree = "<group>"; };
		FF478BF52CAD3B8A000EA718 /* Info.plist */ = {isa = PBXFileReference; lastKnownFileType = text.plist.xml; path = Info.plist; sourceTree = "<group>"; };
		FF478BF62CAD3B8A000EA718 /* Base */ = {isa = PBXFileReference; lastKnownFileType = file.storyboard; name = Base; path = Base.lproj/LaunchScreen.storyboard; sourceTree = "<group>"; };
		FF478BF82CAD3B8A000EA718 /* Base */ = {isa = PBXFileReference; lastKnownFileType = file.storyboard; name = Base; path = Base.lproj/Main.storyboard; sourceTree = "<group>"; };
		FF478BFA2CAD3B8A000EA718 /* SceneDelegate.swift */ = {isa = PBXFileReference; lastKnownFileType = sourcecode.swift; path = SceneDelegate.swift; sourceTree = "<group>"; };
		FF478BFB2CAD3B8A000EA718 /* ArenaStartViewController.swift */ = {isa = PBXFileReference; lastKnownFileType = sourcecode.swift; path = ArenaStartViewController.swift; sourceTree = "<group>"; };
		FF478C042CAD42D7000EA718 /* ArenaNavigationController.swift */ = {isa = PBXFileReference; lastKnownFileType = sourcecode.swift; path = ArenaNavigationController.swift; sourceTree = "<group>"; };
		FF478C062CAD4362000EA718 /* ArenaHadesTailsViewController.swift */ = {isa = PBXFileReference; lastKnownFileType = sourcecode.swift; path = ArenaHadesTailsViewController.swift; sourceTree = "<group>"; };
		FF478C082CAD4379000EA718 /* ArenaCardPlayViewController.swift */ = {isa = PBXFileReference; lastKnownFileType = sourcecode.swift; path = ArenaCardPlayViewController.swift; sourceTree = "<group>"; };
		FF478C0A2CAD439B000EA718 /* APSData.swift */ = {isa = PBXFileReference; lastKnownFileType = sourcecode.swift; path = APSData.swift; sourceTree = "<group>"; };
		FF478C0C2CAD43B8000EA718 /* UIView+Ext.swift */ = {isa = PBXFileReference; lastKnownFileType = sourcecode.swift; path = "UIView+Ext.swift"; sourceTree = "<group>"; };
		FF478C0E2CAD43E3000EA718 /* UIStackView+Ext.swift */ = {isa = PBXFileReference; lastKnownFileType = sourcecode.swift; path = "UIStackView+Ext.swift"; sourceTree = "<group>"; };
		FF478C102CAD43FD000EA718 /* ArenaAboutViewController.swift */ = {isa = PBXFileReference; lastKnownFileType = sourcecode.swift; path = ArenaAboutViewController.swift; sourceTree = "<group>"; };
		FF478C122CAD4416000EA718 /* ArenaReportViewController.swift */ = {isa = PBXFileReference; lastKnownFileType = sourcecode.swift; path = ArenaReportViewController.swift; sourceTree = "<group>"; };
		FF478C142CAD4427000EA718 /* ArenaFeedbackViewController.swift */ = {isa = PBXFileReference; lastKnownFileType = sourcecode.swift; path = ArenaFeedbackViewController.swift; sourceTree = "<group>"; };
		FF478C162CAD4443000EA718 /* ArenaSettingViewController.swift */ = {isa = PBXFileReference; lastKnownFileType = sourcecode.swift; path = ArenaSettingViewController.swift; sourceTree = "<group>"; };
		FF478C182CAD4A66000EA718 /* ArenaBaseViewController.swift */ = {isa = PBXFileReference; lastKnownFileType = sourcecode.swift; path = ArenaBaseViewController.swift; sourceTree = "<group>"; };
		FF478C1A2CAD4B24000EA718 /* ArenaPokerStriker-Bridging-Header.h */ = {isa = PBXFileReference; lastKnownFileType = sourcecode.c.h; path = "ArenaPokerStriker-Bridging-Header.h"; sourceTree = "<group>"; };
		FF478C1E2CAD4BB5000EA718 /* ArenaPrivacyViewController.swift */ = {isa = PBXFileReference; lastKnownFileType = sourcecode.swift; path = ArenaPrivacyViewController.swift; sourceTree = "<group>"; };
		FF478C202CAD4CDD000EA718 /* ArenaHomeViewController.swift */ = {isa = PBXFileReference; lastKnownFileType = sourcecode.swift; path = ArenaHomeViewController.swift; sourceTree = "<group>"; };
		FF478C222CAD4D48000EA718 /* AdServices.framework */ = {isa = PBXFileReference; lastKnownFileType = wrapper.framework; name = AdServices.framework; path = System/Library/Frameworks/AdServices.framework; sourceTree = SDKROOT; };
		FF478C242CAD4D4F000EA718 /* AdSupport.framework */ = {isa = PBXFileReference; lastKnownFileType = wrapper.framework; name = AdSupport.framework; path = System/Library/Frameworks/AdSupport.framework; sourceTree = SDKROOT; };
		FF478C262CAD4D57000EA718 /* AppTrackingTransparency.framework */ = {isa = PBXFileReference; lastKnownFileType = wrapper.framework; name = AppTrackingTransparency.framework; path = System/Library/Frameworks/AppTrackingTransparency.framework; sourceTree = SDKROOT; };
		FF478C282CAD4E54000EA718 /* ArenaReachManage.h */ = {isa = PBXFileReference; lastKnownFileType = sourcecode.c.h; path = ArenaReachManage.h; sourceTree = "<group>"; };
		FF478C292CAD4E54000EA718 /* ArenaReachManage.m */ = {isa = PBXFileReference; lastKnownFileType = sourcecode.c.objc; path = ArenaReachManage.m; sourceTree = "<group>"; };
		FF478C2B2CAD4EFC000EA718 /* UIViewController+Ext.h */ = {isa = PBXFileReference; lastKnownFileType = sourcecode.c.h; path = "UIViewController+Ext.h"; sourceTree = "<group>"; };
		FF478C2C2CAD4EFC000EA718 /* UIViewController+Ext.m */ = {isa = PBXFileReference; lastKnownFileType = sourcecode.c.objc; path = "UIViewController+Ext.m"; sourceTree = "<group>"; };
/* End PBXFileReference section */

/* Begin PBXFrameworksBuildPhase section */
		FF478BD82CAD3B84000EA718 /* Frameworks */ = {
			isa = PBXFrameworksBuildPhase;
			buildActionMask = 2147483647;
			files = (
				A7973DA4E72B6BE8A7E12686 /* Pods_ArenaPokerStriker.framework in Frameworks */,
				FF478C272CAD4D57000EA718 /* AppTrackingTransparency.framework in Frameworks */,
				FF478C232CAD4D48000EA718 /* AdServices.framework in Frameworks */,
				FF478C252CAD4D4F000EA718 /* AdSupport.framework in Frameworks */,
			);
			runOnlyForDeploymentPostprocessing = 0;
		};
/* End PBXFrameworksBuildPhase section */

/* Begin PBXGroup section */
		2D98D4CA57FACAE8232561F3 /* Pods */ = {
			isa = PBXGroup;
			children = (
				B230B3A3FCFAC573D1467F05 /* Pods-ArenaPokerStriker.debug.xcconfig */,
				BD932775F417F9E822AF1FAB /* Pods-ArenaPokerStriker.release.xcconfig */,
			);
			path = Pods;
			sourceTree = "<group>";
		};
		AB3836FE8028DD125C61707B /* Frameworks */ = {
			isa = PBXGroup;
			children = (
				FF478C262CAD4D57000EA718 /* AppTrackingTransparency.framework */,
				FF478C242CAD4D4F000EA718 /* AdSupport.framework */,
				FF478C222CAD4D48000EA718 /* AdServices.framework */,
				4D6D353F6D2FD6A73F4612CB /* Pods_ArenaPokerStriker.framework */,
			);
			name = Frameworks;
			sourceTree = "<group>";
		};
		FF478BD22CAD3B84000EA718 = {
			isa = PBXGroup;
			children = (
				FF478BFC2CAD3B8A000EA718 /* ArenaPokerStriker */,
				FF478BDC2CAD3B84000EA718 /* Products */,
				2D98D4CA57FACAE8232561F3 /* Pods */,
				AB3836FE8028DD125C61707B /* Frameworks */,
			);
			sourceTree = "<group>";
		};
		FF478BDC2CAD3B84000EA718 /* Products */ = {
			isa = PBXGroup;
			children = (
				FF478BDB2CAD3B84000EA718 /* ArenaPokerStriker.app */,
			);
			name = Products;
			sourceTree = "<group>";
		};
		FF478BFC2CAD3B8A000EA718 /* ArenaPokerStriker */ = {
			isa = PBXGroup;
			children = (
				FF478BF32CAD3B8A000EA718 /* AppDelegate.swift */,
				FF478BF42CAD3B8A000EA718 /* Assets.xcassets */,
				FF478BF52CAD3B8A000EA718 /* Info.plist */,
				FF478BF72CAD3B8A000EA718 /* LaunchScreen.storyboard */,
				FF478BF92CAD3B8A000EA718 /* Main.storyboard */,
				FF478BFA2CAD3B8A000EA718 /* SceneDelegate.swift */,
				FF478BFB2CAD3B8A000EA718 /* ArenaStartViewController.swift */,
				FF478C042CAD42D7000EA718 /* ArenaNavigationController.swift */,
				FF478C202CAD4CDD000EA718 /* ArenaHomeViewController.swift */,
				FF478C182CAD4A66000EA718 /* ArenaBaseViewController.swift */,
				FF478C062CAD4362000EA718 /* ArenaHadesTailsViewController.swift */,
				FF478C082CAD4379000EA718 /* ArenaCardPlayViewController.swift */,
				FF478C0A2CAD439B000EA718 /* APSData.swift */,
				FF478C0C2CAD43B8000EA718 /* UIView+Ext.swift */,
				FF478C0E2CAD43E3000EA718 /* UIStackView+Ext.swift */,
				FF478C102CAD43FD000EA718 /* ArenaAboutViewController.swift */,
				FF478C122CAD4416000EA718 /* ArenaReportViewController.swift */,
				FF478C142CAD4427000EA718 /* ArenaFeedbackViewController.swift */,
				FF478C162CAD4443000EA718 /* ArenaSettingViewController.swift */,
				FF478C1E2CAD4BB5000EA718 /* ArenaPrivacyViewController.swift */,
				FF478C282CAD4E54000EA718 /* ArenaReachManage.h */,
				FF478C292CAD4E54000EA718 /* ArenaReachManage.m */,
				FF478C2B2CAD4EFC000EA718 /* UIViewController+Ext.h */,
				FF478C2C2CAD4EFC000EA718 /* UIViewController+Ext.m */,
				FF478C1A2CAD4B24000EA718 /* ArenaPokerStriker-Bridging-Header.h */,
			);
			path = ArenaPokerStriker;
			sourceTree = "<group>";
		};
/* End PBXGroup section */

/* Begin PBXNativeTarget section */
		FF478BDA2CAD3B84000EA718 /* ArenaPokerStriker */ = {
			isa = PBXNativeTarget;
			buildConfigurationList = FF478BEE2CAD3B84000EA718 /* Build configuration list for PBXNativeTarget "ArenaPokerStriker" */;
			buildPhases = (
				BA3FDFF5FC327C3E22050BF8 /* [CP] Check Pods Manifest.lock */,
				FF478BD72CAD3B84000EA718 /* Sources */,
				FF478BD82CAD3B84000EA718 /* Frameworks */,
				FF478BD92CAD3B84000EA718 /* Resources */,
				68F3FC9F9BDAC9F9158973FC /* [CP] Embed Pods Frameworks */,
			);
			buildRules = (
			);
			dependencies = (
			);
			name = ArenaPokerStriker;
			productName = ArenaPokerStriker;
			productReference = FF478BDB2CAD3B84000EA718 /* ArenaPokerStriker.app */;
			productType = "com.apple.product-type.application";
		};
/* End PBXNativeTarget section */

/* Begin PBXProject section */
		FF478BD32CAD3B84000EA718 /* Project object */ = {
			isa = PBXProject;
			attributes = {
				BuildIndependentTargetsInParallel = 1;
				LastSwiftUpdateCheck = 1600;
				LastUpgradeCheck = 1600;
				TargetAttributes = {
					FF478BDA2CAD3B84000EA718 = {
						CreatedOnToolsVersion = 16.0;
						LastSwiftMigration = 1600;
					};
				};
			};
			buildConfigurationList = FF478BD62CAD3B84000EA718 /* Build configuration list for PBXProject "ArenaPokerStriker" */;
			compatibilityVersion = "Xcode 14.0";
			developmentRegion = en;
			hasScannedForEncodings = 0;
			knownRegions = (
				en,
				Base,
			);
			mainGroup = FF478BD22CAD3B84000EA718;
			productRefGroup = FF478BDC2CAD3B84000EA718 /* Products */;
			projectDirPath = "";
			projectRoot = "";
			targets = (
				FF478BDA2CAD3B84000EA718 /* ArenaPokerStriker */,
			);
		};
/* End PBXProject section */

/* Begin PBXResourcesBuildPhase section */
		FF478BD92CAD3B84000EA718 /* Resources */ = {
			isa = PBXResourcesBuildPhase;
			buildActionMask = 2147483647;
			files = (
				FF478C002CAD3B8A000EA718 /* Assets.xcassets in Resources */,
				FF478C022CAD3B8A000EA718 /* LaunchScreen.storyboard in Resources */,
				FF478C032CAD3B8A000EA718 /* Main.storyboard in Resources */,
			);
			runOnlyForDeploymentPostprocessing = 0;
		};
/* End PBXResourcesBuildPhase section */

/* Begin PBXShellScriptBuildPhase section */
		68F3FC9F9BDAC9F9158973FC /* [CP] Embed Pods Frameworks */ = {
			isa = PBXShellScriptBuildPhase;
			buildActionMask = 2147483647;
			files = (
			);
			inputFileListPaths = (
				"${PODS_ROOT}/Target Support Files/Pods-ArenaPokerStriker/Pods-ArenaPokerStriker-frameworks-${CONFIGURATION}-input-files.xcfilelist",
			);
			name = "[CP] Embed Pods Frameworks";
			outputFileListPaths = (
				"${PODS_ROOT}/Target Support Files/Pods-ArenaPokerStriker/Pods-ArenaPokerStriker-frameworks-${CONFIGURATION}-output-files.xcfilelist",
			);
			runOnlyForDeploymentPostprocessing = 0;
			shellPath = /bin/sh;
			shellScript = "\"${PODS_ROOT}/Target Support Files/Pods-ArenaPokerStriker/Pods-ArenaPokerStriker-frameworks.sh\"\n";
			showEnvVarsInLog = 0;
		};
		BA3FDFF5FC327C3E22050BF8 /* [CP] Check Pods Manifest.lock */ = {
			isa = PBXShellScriptBuildPhase;
			buildActionMask = 2147483647;
			files = (
			);
			inputFileListPaths = (
			);
			inputPaths = (
				"${PODS_PODFILE_DIR_PATH}/Podfile.lock",
				"${PODS_ROOT}/Manifest.lock",
			);
			name = "[CP] Check Pods Manifest.lock";
			outputFileListPaths = (
			);
			outputPaths = (
				"$(DERIVED_FILE_DIR)/Pods-ArenaPokerStriker-checkManifestLockResult.txt",
			);
			runOnlyForDeploymentPostprocessing = 0;
			shellPath = /bin/sh;
			shellScript = "diff \"${PODS_PODFILE_DIR_PATH}/Podfile.lock\" \"${PODS_ROOT}/Manifest.lock\" > /dev/null\nif [ $? != 0 ] ; then\n    # print error to STDERR\n    echo \"error: The sandbox is not in sync with the Podfile.lock. Run 'pod install' or update your CocoaPods installation.\" >&2\n    exit 1\nfi\n# This output is used by Xcode 'outputs' to avoid re-running this script phase.\necho \"SUCCESS\" > \"${SCRIPT_OUTPUT_FILE_0}\"\n";
			showEnvVarsInLog = 0;
		};
/* End PBXShellScriptBuildPhase section */

/* Begin PBXSourcesBuildPhase section */
		FF478BD72CAD3B84000EA718 /* Sources */ = {
			isa = PBXSourcesBuildPhase;
			buildActionMask = 2147483647;
			files = (
				FF478C0D2CAD43B8000EA718 /* UIView+Ext.swift in Sources */,
				FF478C072CAD4362000EA718 /* ArenaHadesTailsViewController.swift in Sources */,
				FF478BFD2CAD3B8A000EA718 /* AppDelegate.swift in Sources */,
				FF478C172CAD444D000EA718 /* ArenaSettingViewController.swift in Sources */,
				FF478C052CAD42D7000EA718 /* ArenaNavigationController.swift in Sources */,
				FF478C1F2CAD4BB5000EA718 /* ArenaPrivacyViewController.swift in Sources */,
				FF478BFE2CAD3B8A000EA718 /* SceneDelegate.swift in Sources */,
				FF478C212CAD4CDD000EA718 /* ArenaHomeViewController.swift in Sources */,
				FF478C152CAD4427000EA718 /* ArenaFeedbackViewController.swift in Sources */,
				FF478C0B2CAD439B000EA718 /* APSData.swift in Sources */,
				FF478C132CAD4416000EA718 /* ArenaReportViewController.swift in Sources */,
				FF478C192CAD4A66000EA718 /* ArenaBaseViewController.swift in Sources */,
				FF478C0F2CAD43E3000EA718 /* UIStackView+Ext.swift in Sources */,
				FF478C092CAD4379000EA718 /* ArenaCardPlayViewController.swift in Sources */,
				FF478C2D2CAD4EFC000EA718 /* UIViewController+Ext.m in Sources */,
				FF478C112CAD43FD000EA718 /* ArenaAboutViewController.swift in Sources */,
				FF478BFF2CAD3B8A000EA718 /* ArenaStartViewController.swift in Sources */,
				FF478C2A2CAD4E54000EA718 /* ArenaReachManage.m in Sources */,
			);
			runOnlyForDeploymentPostprocessing = 0;
		};
/* End PBXSourcesBuildPhase section */

/* Begin PBXVariantGroup section */
		FF478BF72CAD3B8A000EA718 /* LaunchScreen.storyboard */ = {
			isa = PBXVariantGroup;
			children = (
				FF478BF62CAD3B8A000EA718 /* Base */,
			);
			name = LaunchScreen.storyboard;
			sourceTree = "<group>";
		};
		FF478BF92CAD3B8A000EA718 /* Main.storyboard */ = {
			isa = PBXVariantGroup;
			children = (
				FF478BF82CAD3B8A000EA718 /* Base */,
			);
			name = Main.storyboard;
			sourceTree = "<group>";
		};
/* End PBXVariantGroup section */

/* Begin XCBuildConfiguration section */
		FF478BEF2CAD3B84000EA718 /* Debug */ = {
			isa = XCBuildConfiguration;
			baseConfigurationReference = B230B3A3FCFAC573D1467F05 /* Pods-ArenaPokerStriker.debug.xcconfig */;
			buildSettings = {
				ASSETCATALOG_COMPILER_APPICON_NAME = AppIcon;
				ASSETCATALOG_COMPILER_GLOBAL_ACCENT_COLOR_NAME = AccentColor;
				CLANG_ENABLE_MODULES = YES;
				CODE_SIGN_STYLE = Automatic;
				CURRENT_PROJECT_VERSION = 2;
				ENABLE_USER_SCRIPT_SANDBOXING = NO;
				GENERATE_INFOPLIST_FILE = YES;
				INFOPLIST_FILE = ArenaPokerStriker/Info.plist;
				INFOPLIST_KEY_CFBundleDisplayName = "Arena Poker Striker";
				INFOPLIST_KEY_NSUserTrackingUsageDescription = "Arena Poker Striker needs to obtain your device information for analysis and to bring you a unique gaming experience.";
				INFOPLIST_KEY_UIApplicationSupportsIndirectInputEvents = YES;
				INFOPLIST_KEY_UILaunchStoryboardName = LaunchScreen;
				INFOPLIST_KEY_UIMainStoryboardFile = Main;
				INFOPLIST_KEY_UISupportedInterfaceOrientations_iPad = "UIInterfaceOrientationPortrait UIInterfaceOrientationPortraitUpsideDown UIInterfaceOrientationLandscapeLeft UIInterfaceOrientationLandscapeRight";
				INFOPLIST_KEY_UISupportedInterfaceOrientations_iPhone = "UIInterfaceOrientationPortrait UIInterfaceOrientationLandscapeLeft UIInterfaceOrientationLandscapeRight";
				IPHONEOS_DEPLOYMENT_TARGET = 13.0;
				LD_RUNPATH_SEARCH_PATHS = (
					"$(inherited)",
					"@executable_path/Frameworks",
				);
				MARKETING_VERSION = 1.0;
				PRODUCT_BUNDLE_IDENTIFIER = com.cardGame.ArenaPokerStriker;
				PRODUCT_NAME = "$(TARGET_NAME)";
				SUPPORTED_PLATFORMS = "iphoneos iphonesimulator";
				SUPPORTS_MACCATALYST = NO;
				SWIFT_EMIT_LOC_STRINGS = YES;
				SWIFT_OBJC_BRIDGING_HEADER = "ArenaPokerStriker/ArenaPokerStriker-Bridging-Header.h";
				SWIFT_OPTIMIZATION_LEVEL = "-Onone";
				SWIFT_VERSION = 5.0;
				TARGETED_DEVICE_FAMILY = 1;
			};
			name = Debug;
		};
		FF478BF02CAD3B84000EA718 /* Release */ = {
			isa = XCBuildConfiguration;
			baseConfigurationReference = BD932775F417F9E822AF1FAB /* Pods-ArenaPokerStriker.release.xcconfig */;
			buildSettings = {
				ASSETCATALOG_COMPILER_APPICON_NAME = AppIcon;
				ASSETCATALOG_COMPILER_GLOBAL_ACCENT_COLOR_NAME = AccentColor;
				CLANG_ENABLE_MODULES = YES;
				CODE_SIGN_STYLE = Automatic;
				CURRENT_PROJECT_VERSION = 2;
				ENABLE_USER_SCRIPT_SANDBOXING = NO;
				GENERATE_INFOPLIST_FILE = YES;
				INFOPLIST_FILE = ArenaPokerStriker/Info.plist;
				INFOPLIST_KEY_CFBundleDisplayName = "Arena Poker Striker";
				INFOPLIST_KEY_NSUserTrackingUsageDescription = "Arena Poker Striker needs to obtain your device information for analysis and to bring you a unique gaming experience.";
				INFOPLIST_KEY_UIApplicationSupportsIndirectInputEvents = YES;
				INFOPLIST_KEY_UILaunchStoryboardName = LaunchScreen;
				INFOPLIST_KEY_UIMainStoryboardFile = Main;
				INFOPLIST_KEY_UISupportedInterfaceOrientations_iPad = "UIInterfaceOrientationPortrait UIInterfaceOrientationPortraitUpsideDown UIInterfaceOrientationLandscapeLeft UIInterfaceOrientationLandscapeRight";
				INFOPLIST_KEY_UISupportedInterfaceOrientations_iPhone = "UIInterfaceOrientationPortrait UIInterfaceOrientationLandscapeLeft UIInterfaceOrientationLandscapeRight";
				IPHONEOS_DEPLOYMENT_TARGET = 13.0;
				LD_RUNPATH_SEARCH_PATHS = (
					"$(inherited)",
					"@executable_path/Frameworks",
				);
				MARKETING_VERSION = 1.0;
				PRODUCT_BUNDLE_IDENTIFIER = com.cardGame.ArenaPokerStriker;
				PRODUCT_NAME = "$(TARGET_NAME)";
				SUPPORTED_PLATFORMS = "iphoneos iphonesimulator";
				SUPPORTS_MACCATALYST = NO;
				SWIFT_EMIT_LOC_STRINGS = YES;
				SWIFT_OBJC_BRIDGING_HEADER = "ArenaPokerStriker/ArenaPokerStriker-Bridging-Header.h";
				SWIFT_VERSION = 5.0;
				TARGETED_DEVICE_FAMILY = 1;
			};
			name = Release;
		};
		FF478BF12CAD3B84000EA718 /* Debug */ = {
			isa = XCBuildConfiguration;
			buildSettings = {
				ALWAYS_SEARCH_USER_PATHS = NO;
				ASSETCATALOG_COMPILER_GENERATE_SWIFT_ASSET_SYMBOL_EXTENSIONS = YES;
				CLANG_ANALYZER_NONNULL = YES;
				CLANG_ANALYZER_NUMBER_OBJECT_CONVERSION = YES_AGGRESSIVE;
				CLANG_CXX_LANGUAGE_STANDARD = "gnu++20";
				CLANG_ENABLE_MODULES = YES;
				CLANG_ENABLE_OBJC_ARC = YES;
				CLANG_ENABLE_OBJC_WEAK = YES;
				CLANG_WARN_BLOCK_CAPTURE_AUTORELEASING = YES;
				CLANG_WARN_BOOL_CONVERSION = YES;
				CLANG_WARN_COMMA = YES;
				CLANG_WARN_CONSTANT_CONVERSION = YES;
				CLANG_WARN_DEPRECATED_OBJC_IMPLEMENTATIONS = YES;
				CLANG_WARN_DIRECT_OBJC_ISA_USAGE = YES_ERROR;
				CLANG_WARN_DOCUMENTATION_COMMENTS = YES;
				CLANG_WARN_EMPTY_BODY = YES;
				CLANG_WARN_ENUM_CONVERSION = YES;
				CLANG_WARN_INFINITE_RECURSION = YES;
				CLANG_WARN_INT_CONVERSION = YES;
				CLANG_WARN_NON_LITERAL_NULL_CONVERSION = YES;
				CLANG_WARN_OBJC_IMPLICIT_RETAIN_SELF = YES;
				CLANG_WARN_OBJC_LITERAL_CONVERSION = YES;
				CLANG_WARN_OBJC_ROOT_CLASS = YES_ERROR;
				CLANG_WARN_QUOTED_INCLUDE_IN_FRAMEWORK_HEADER = YES;
				CLANG_WARN_RANGE_LOOP_ANALYSIS = YES;
				CLANG_WARN_STRICT_PROTOTYPES = YES;
				CLANG_WARN_SUSPICIOUS_MOVE = YES;
				CLANG_WARN_UNGUARDED_AVAILABILITY = YES_AGGRESSIVE;
				CLANG_WARN_UNREACHABLE_CODE = YES;
				CLANG_WARN__DUPLICATE_METHOD_MATCH = YES;
				COPY_PHASE_STRIP = NO;
				DEBUG_INFORMATION_FORMAT = dwarf;
				ENABLE_STRICT_OBJC_MSGSEND = YES;
				ENABLE_TESTABILITY = YES;
				ENABLE_USER_SCRIPT_SANDBOXING = YES;
				GCC_C_LANGUAGE_STANDARD = gnu17;
				GCC_DYNAMIC_NO_PIC = NO;
				GCC_NO_COMMON_BLOCKS = YES;
				GCC_OPTIMIZATION_LEVEL = 0;
				GCC_PREPROCESSOR_DEFINITIONS = (
					"DEBUG=1",
					"$(inherited)",
				);
				GCC_WARN_64_TO_32_BIT_CONVERSION = YES;
				GCC_WARN_ABOUT_RETURN_TYPE = YES_ERROR;
				GCC_WARN_UNDECLARED_SELECTOR = YES;
				GCC_WARN_UNINITIALIZED_AUTOS = YES_AGGRESSIVE;
				GCC_WARN_UNUSED_FUNCTION = YES;
				GCC_WARN_UNUSED_VARIABLE = YES;
				IPHONEOS_DEPLOYMENT_TARGET = 18.0;
				LOCALIZATION_PREFERS_STRING_CATALOGS = YES;
				MTL_ENABLE_DEBUG_INFO = INCLUDE_SOURCE;
				MTL_FAST_MATH = YES;
				ONLY_ACTIVE_ARCH = YES;
				SDKROOT = iphoneos;
				SWIFT_ACTIVE_COMPILATION_CONDITIONS = "DEBUG $(inherited)";
				SWIFT_OPTIMIZATION_LEVEL = "-Onone";
			};
			name = Debug;
		};
		FF478BF22CAD3B84000EA718 /* Release */ = {
			isa = XCBuildConfiguration;
			buildSettings = {
				ALWAYS_SEARCH_USER_PATHS = NO;
				ASSETCATALOG_COMPILER_GENERATE_SWIFT_ASSET_SYMBOL_EXTENSIONS = YES;
				CLANG_ANALYZER_NONNULL = YES;
				CLANG_ANALYZER_NUMBER_OBJECT_CONVERSION = YES_AGGRESSIVE;
				CLANG_CXX_LANGUAGE_STANDARD = "gnu++20";
				CLANG_ENABLE_MODULES = YES;
				CLANG_ENABLE_OBJC_ARC = YES;
				CLANG_ENABLE_OBJC_WEAK = YES;
				CLANG_WARN_BLOCK_CAPTURE_AUTORELEASING = YES;
				CLANG_WARN_BOOL_CONVERSION = YES;
				CLANG_WARN_COMMA = YES;
				CLANG_WARN_CONSTANT_CONVERSION = YES;
				CLANG_WARN_DEPRECATED_OBJC_IMPLEMENTATIONS = YES;
				CLANG_WARN_DIRECT_OBJC_ISA_USAGE = YES_ERROR;
				CLANG_WARN_DOCUMENTATION_COMMENTS = YES;
				CLANG_WARN_EMPTY_BODY = YES;
				CLANG_WARN_ENUM_CONVERSION = YES;
				CLANG_WARN_INFINITE_RECURSION = YES;
				CLANG_WARN_INT_CONVERSION = YES;
				CLANG_WARN_NON_LITERAL_NULL_CONVERSION = YES;
				CLANG_WARN_OBJC_IMPLICIT_RETAIN_SELF = YES;
				CLANG_WARN_OBJC_LITERAL_CONVERSION = YES;
				CLANG_WARN_OBJC_ROOT_CLASS = YES_ERROR;
				CLANG_WARN_QUOTED_INCLUDE_IN_FRAMEWORK_HEADER = YES;
				CLANG_WARN_RANGE_LOOP_ANALYSIS = YES;
				CLANG_WARN_STRICT_PROTOTYPES = YES;
				CLANG_WARN_SUSPICIOUS_MOVE = YES;
				CLANG_WARN_UNGUARDED_AVAILABILITY = YES_AGGRESSIVE;
				CLANG_WARN_UNREACHABLE_CODE = YES;
				CLANG_WARN__DUPLICATE_METHOD_MATCH = YES;
				COPY_PHASE_STRIP = NO;
				DEBUG_INFORMATION_FORMAT = "dwarf-with-dsym";
				ENABLE_NS_ASSERTIONS = NO;
				ENABLE_STRICT_OBJC_MSGSEND = YES;
				ENABLE_USER_SCRIPT_SANDBOXING = YES;
				GCC_C_LANGUAGE_STANDARD = gnu17;
				GCC_NO_COMMON_BLOCKS = YES;
				GCC_WARN_64_TO_32_BIT_CONVERSION = YES;
				GCC_WARN_ABOUT_RETURN_TYPE = YES_ERROR;
				GCC_WARN_UNDECLARED_SELECTOR = YES;
				GCC_WARN_UNINITIALIZED_AUTOS = YES_AGGRESSIVE;
				GCC_WARN_UNUSED_FUNCTION = YES;
				GCC_WARN_UNUSED_VARIABLE = YES;
				IPHONEOS_DEPLOYMENT_TARGET = 18.0;
				LOCALIZATION_PREFERS_STRING_CATALOGS = YES;
				MTL_ENABLE_DEBUG_INFO = NO;
				MTL_FAST_MATH = YES;
				SDKROOT = iphoneos;
				SWIFT_COMPILATION_MODE = wholemodule;
				VALIDATE_PRODUCT = YES;
			};
			name = Release;
		};
/* End XCBuildConfiguration section */

/* Begin XCConfigurationList section */
		FF478BD62CAD3B84000EA718 /* Build configuration list for PBXProject "ArenaPokerStriker" */ = {
			isa = XCConfigurationList;
			buildConfigurations = (
				FF478BF12CAD3B84000EA718 /* Debug */,
				FF478BF22CAD3B84000EA718 /* Release */,
			);
			defaultConfigurationIsVisible = 0;
			defaultConfigurationName = Release;
		};
		FF478BEE2CAD3B84000EA718 /* Build configuration list for PBXNativeTarget "ArenaPokerStriker" */ = {
			isa = XCConfigurationList;
			buildConfigurations = (
				FF478BEF2CAD3B84000EA718 /* Debug */,
				FF478BF02CAD3B84000EA718 /* Release */,
			);
			defaultConfigurationIsVisible = 0;
			defaultConfigurationName = Release;
		};
/* End XCConfigurationList section */
	};
	rootObject = FF478BD32CAD3B84000EA718 /* Project object */;
}
